
Microsoft Visual Studio Solution File, Format Version 12.00
# Visual Studio Version 17
VisualStudioVersion = 17.8.34601.278
MinimumVisualStudioVersion = 10.0.40219.1
Project("{FAE04EC0-301F-11D3-BF4B-00C04F79EFBC}") = "Accounting_System", "Accounting_System\Accounting_System.csproj", "{563AA418-96B8-415A-8308-20174CDB80D6}"
EndProject
Global
	GlobalSection(SolutionConfigurationPlatforms) = preSolution
		Debug|Any CPU = Debug|Any CPU
		Release|Any CPU = Release|Any CPU
	EndGlobalSection
	GlobalSection(ProjectConfigurationPlatforms) = postSolution
		{563AA418-96B8-415A-8308-20174CDB80D6}.Debug|Any CPU.ActiveCfg = Debug|Any CPU
		{563AA418-96B8-415A-8308-20174CDB80D6}.Debug|Any CPU.Build.0 = Debug|Any CPU
		{563AA418-96B8-415A-8308-20174CDB80D6}.Release|Any CPU.ActiveCfg = Release|Any CPU
		{563AA418-96B8-415A-8308-20174CDB80D6}.Release|Any CPU.Build.0 = Release|Any CPU
	EndGlobalSection
	GlobalSection(SolutionProperties) = preSolution
		HideSolutionNode = FALSE
	EndGlobalSection
	GlobalSection(ExtensibilityGlobals) = postSolution
		SolutionGuid = {9D1F9CF0-15FD-4DE7-96F7-A84BE1C2B908}
	EndGlobalSection
EndGlobal
